
Microsoft Visual Studio Solution File, Format Version 12.00
# Visual Studio Version 17
VisualStudioVersion = 17.8.34511.84
MinimumVisualStudioVersion = 10.0.40219.1
Project("{FAE04EC0-301F-11D3-BF4B-00C04F79EFBC}") = "lab(10)", "lab(10).csproj", "{57B70895-D4FB-42EF-931B-C14F4BDFFDB9}"
EndProject
Project("{FAE04EC0-301F-11D3-BF4B-00C04F79EFBC}") = "library for lab10", "..\library for lab10\library for lab10.csproj", "{CEB71742-87AC-4969-9CA0-55652EC15B4A}"
EndProject
Project("{FAE04EC0-301F-11D3-BF4B-00C04F79EFBC}") = "UnitTestLab10", "..\UnitTestLab10\UnitTestLab10.csproj", "{0FA157F1-AB8A-43F6-BAB2-51859776A38D}"
EndProject
Project("{FAE04EC0-301F-11D3-BF4B-00C04F79EFBC}") = "Library for 9 lab", "..\Library for 9 lab\Library for 9 lab.csproj", "{CE84C63C-928A-40F9-99D6-1D4FAAD93764}"
EndProject
Global
	GlobalSection(SolutionConfigurationPlatforms) = preSolution
		Debug|Any CPU = Debug|Any CPU
		Release|Any CPU = Release|Any CPU
	EndGlobalSection
	GlobalSection(ProjectConfigurationPlatforms) = postSolution
		{57B70895-D4FB-42EF-931B-C14F4BDFFDB9}.Debug|Any CPU.ActiveCfg = Debug|Any CPU
		{57B70895-D4FB-42EF-931B-C14F4BDFFDB9}.Debug|Any CPU.Build.0 = Debug|Any CPU
		{57B70895-D4FB-42EF-931B-C14F4BDFFDB9}.Release|Any CPU.ActiveCfg = Release|Any CPU
		{57B70895-D4FB-42EF-931B-C14F4BDFFDB9}.Release|Any CPU.Build.0 = Release|Any CPU
		{CEB71742-87AC-4969-9CA0-55652EC15B4A}.Debug|Any CPU.ActiveCfg = Debug|Any CPU
		{CEB71742-87AC-4969-9CA0-55652EC15B4A}.Debug|Any CPU.Build.0 = Debug|Any CPU
		{CEB71742-87AC-4969-9CA0-55652EC15B4A}.Release|Any CPU.ActiveCfg = Release|Any CPU
		{CEB71742-87AC-4969-9CA0-55652EC15B4A}.Release|Any CPU.Build.0 = Release|Any CPU
		{0FA157F1-AB8A-43F6-BAB2-51859776A38D}.Debug|Any CPU.ActiveCfg = Debug|Any CPU
		{0FA157F1-AB8A-43F6-BAB2-51859776A38D}.Debug|Any CPU.Build.0 = Debug|Any CPU
		{0FA157F1-AB8A-43F6-BAB2-51859776A38D}.Release|Any CPU.ActiveCfg = Release|Any CPU
		{0FA157F1-AB8A-43F6-BAB2-51859776A38D}.Release|Any CPU.Build.0 = Release|Any CPU
		{CE84C63C-928A-40F9-99D6-1D4FAAD93764}.Debug|Any CPU.ActiveCfg = Debug|Any CPU
		{CE84C63C-928A-40F9-99D6-1D4FAAD93764}.Debug|Any CPU.Build.0 = Debug|Any CPU
		{CE84C63C-928A-40F9-99D6-1D4FAAD93764}.Release|Any CPU.ActiveCfg = Release|Any CPU
		{CE84C63C-928A-40F9-99D6-1D4FAAD93764}.Release|Any CPU.Build.0 = Release|Any CPU
	EndGlobalSection
	GlobalSection(SolutionProperties) = preSolution
		HideSolutionNode = FALSE
	EndGlobalSection
	GlobalSection(ExtensibilityGlobals) = postSolution
		SolutionGuid = {4DD70F72-ABA2-4189-AD3D-659CF059329D}
	EndGlobalSection
EndGlobal
